
Microsoft Visual Studio Solution File, Format Version 12.00
# Visual Studio Version 17
VisualStudioVersion = 17.5.002.0
MinimumVisualStudioVersion = 10.0.40219.1
Project("{9A19103F-16F7-4668-BE54-9A1E7A4F7556}") = "MyApp", "MyApp.csproj", "{9710CC0B-906C-4620-B567-D612CDC2F588}"
EndProject
Global
	GlobalSection(SolutionConfigurationPlatforms) = preSolution
		Debug|Any CPU = Debug|Any CPU
		Release|Any CPU = Release|Any CPU
	EndGlobalSection
	GlobalSection(ProjectConfigurationPlatforms) = postSolution
		{9710CC0B-906C-4620-B567-D612CDC2F588}.Debug|Any CPU.ActiveCfg = Debug|Any CPU
		{9710CC0B-906C-4620-B567-D612CDC2F588}.Debug|Any CPU.Build.0 = Debug|Any CPU
		{9710CC0B-906C-4620-B567-D612CDC2F588}.Release|Any CPU.ActiveCfg = Release|Any CPU
		{9710CC0B-906C-4620-B567-D612CDC2F588}.Release|Any CPU.Build.0 = Release|Any CPU
	EndGlobalSection
	GlobalSection(SolutionProperties) = preSolution
		HideSolutionNode = FALSE
	EndGlobalSection
	GlobalSection(ExtensibilityGlobals) = postSolution
		SolutionGuid = {EECBD459-391E-419B-B7C6-6231F4D2CAC8}
	EndGlobalSection
EndGlobal
